// !$*UTF8*$!
{
	archiveVersion = 1;
	classes = {
	};
	objectVersion = 46;
	objects = {

/* Begin PBXBuildFile section */
		390277D31B8221A900CECB37 /* main.m in Sources */ = {isa = PBXBuildFile; fileRef = 390277D21B8221A900CECB37 /* main.m */; };
		390277D61B8221A900CECB37 /* AppDelegate.m in Sources */ = {isa = PBXBuildFile; fileRef = 390277D51B8221A900CECB37 /* AppDelegate.m */; };
		390277DC1B8221A900CECB37 /* Main.storyboard in Resources */ = {isa = PBXBuildFile; fileRef = 390277DA1B8221A900CECB37 /* Main.storyboard */; };
		390277DE1B8221A900CECB37 /* Images.xcassets in Resources */ = {isa = PBXBuildFile; fileRef = 390277DD1B8221A900CECB37 /* Images.xcassets */; };
		390277E11B8221A900CECB37 /* LaunchScreen.xib in Resources */ = {isa = PBXBuildFile; fileRef = 390277DF1B8221A900CECB37 /* LaunchScreen.xib */; };
		390277ED1B8221AA00CECB37 /* RMLStarReceiptPrinterTests.m in Sources */ = {isa = PBXBuildFile; fileRef = 390277EC1B8221A900CECB37 /* RMLStarReceiptPrinterTests.m */; };
		390277F81B82231700CECB37 /* RMLPrinterListTableViewController.m in Sources */ = {isa = PBXBuildFile; fileRef = 390277F71B82231700CECB37 /* RMLPrinterListTableViewController.m */; };
		77D26ADA78E5F71D58DBC312 /* Pods_RMLStarReceiptPrinterTests.framework in Frameworks */ = {isa = PBXBuildFile; fileRef = DFAFBE55DD5C139613F63744 /* Pods_RMLStarReceiptPrinterTests.framework */; };
		7A3965DB3F6CE977DB33A8D3 /* Pods_RMLStarReceiptPrinter.framework in Frameworks */ = {isa = PBXBuildFile; fileRef = D5D283E3ECB59B2AD77A0490 /* Pods_RMLStarReceiptPrinter.framework */; };
/* End PBXBuildFile section */

/* Begin PBXContainerItemProxy section */
		390277E71B8221A900CECB37 /* PBXContainerItemProxy */ = {
			isa = PBXContainerItemProxy;
			containerPortal = 390277C51B8221A900CECB37 /* Project object */;
			proxyType = 1;
			remoteGlobalIDString = 390277CC1B8221A900CECB37;
			remoteInfo = RMLStarReceiptPrinter;
		};
/* End PBXContainerItemProxy section */

/* Begin PBXFileReference section */
		25148FC585E1163601AFAF19 /* Pods-RMLStarReceiptPrinter.debug.xcconfig */ = {isa = PBXFileReference; includeInIndex = 1; lastKnownFileType = text.xcconfig; name = "Pods-RMLStarReceiptPrinter.debug.xcconfig"; path = "Pods/Target Support Files/Pods-RMLStarReceiptPrinter/Pods-RMLStarReceiptPrinter.debug.xcconfig"; sourceTree = "<group>"; };
		390277CD1B8221A900CECB37 /* RMLStarReceiptPrinter.app */ = {isa = PBXFileReference; explicitFileType = wrapper.application; includeInIndex = 0; path = RMLStarReceiptPrinter.app; sourceTree = BUILT_PRODUCTS_DIR; };
		390277D11B8221A900CECB37 /* Info.plist */ = {isa = PBXFileReference; lastKnownFileType = text.plist.xml; path = Info.plist; sourceTree = "<group>"; };
		390277D21B8221A900CECB37 /* main.m */ = {isa = PBXFileReference; lastKnownFileType = sourcecode.c.objc; path = main.m; sourceTree = "<group>"; };
		390277D41B8221A900CECB37 /* AppDelegate.h */ = {isa = PBXFileReference; lastKnownFileType = sourcecode.c.h; path = AppDelegate.h; sourceTree = "<group>"; };
		390277D51B8221A900CECB37 /* AppDelegate.m */ = {isa = PBXFileReference; lastKnownFileType = sourcecode.c.objc; path = AppDelegate.m; sourceTree = "<group>"; };
		390277DB1B8221A900CECB37 /* Base */ = {isa = PBXFileReference; lastKnownFileType = file.storyboard; name = Base; path = Base.lproj/Main.storyboard; sourceTree = "<group>"; };
		390277DD1B8221A900CECB37 /* Images.xcassets */ = {isa = PBXFileReference; lastKnownFileType = folder.assetcatalog; path = Images.xcassets; sourceTree = "<group>"; };
		390277E01B8221A900CECB37 /* Base */ = {isa = PBXFileReference; lastKnownFileType = file.xib; name = Base; path = Base.lproj/LaunchScreen.xib; sourceTree = "<group>"; };
		390277E61B8221A900CECB37 /* RMLStarReceiptPrinterTests.xctest */ = {isa = PBXFileReference; explicitFileType = wrapper.cfbundle; includeInIndex = 0; path = RMLStarReceiptPrinterTests.xctest; sourceTree = BUILT_PRODUCTS_DIR; };
		390277EB1B8221A900CECB37 /* Info.plist */ = {isa = PBXFileReference; lastKnownFileType = text.plist.xml; path = Info.plist; sourceTree = "<group>"; };
		390277EC1B8221A900CECB37 /* RMLStarReceiptPrinterTests.m */ = {isa = PBXFileReference; lastKnownFileType = sourcecode.c.objc; path = RMLStarReceiptPrinterTests.m; sourceTree = "<group>"; };
		390277F61B82231700CECB37 /* RMLPrinterListTableViewController.h */ = {isa = PBXFileReference; fileEncoding = 4; lastKnownFileType = sourcecode.c.h; path = RMLPrinterListTableViewController.h; sourceTree = "<group>"; };
		390277F71B82231700CECB37 /* RMLPrinterListTableViewController.m */ = {isa = PBXFileReference; fileEncoding = 4; lastKnownFileType = sourcecode.c.objc; path = RMLPrinterListTableViewController.m; sourceTree = "<group>"; };
		6A313431ECA8CB350330CA50 /* Pods-RMLStarReceiptPrinter.release.xcconfig */ = {isa = PBXFileReference; includeInIndex = 1; lastKnownFileType = text.xcconfig; name = "Pods-RMLStarReceiptPrinter.release.xcconfig"; path = "Pods/Target Support Files/Pods-RMLStarReceiptPrinter/Pods-RMLStarReceiptPrinter.release.xcconfig"; sourceTree = "<group>"; };
		9558BEC2C4B9D56CEAC7B26F /* Pods-RMLStarReceiptPrinterTests.debug.xcconfig */ = {isa = PBXFileReference; includeInIndex = 1; lastKnownFileType = text.xcconfig; name = "Pods-RMLStarReceiptPrinterTests.debug.xcconfig"; path = "Pods/Target Support Files/Pods-RMLStarReceiptPrinterTests/Pods-RMLStarReceiptPrinterTests.debug.xcconfig"; sourceTree = "<group>"; };
		A63AE2F256EDFA0A0B2E4BEB /* Pods-RMLStarReceiptPrinterTests.release.xcconfig */ = {isa = PBXFileReference; includeInIndex = 1; lastKnownFileType = text.xcconfig; name = "Pods-RMLStarReceiptPrinterTests.release.xcconfig"; path = "Pods/Target Support Files/Pods-RMLStarReceiptPrinterTests/Pods-RMLStarReceiptPrinterTests.release.xcconfig"; sourceTree = "<group>"; };
		D5D283E3ECB59B2AD77A0490 /* Pods_RMLStarReceiptPrinter.framework */ = {isa = PBXFileReference; explicitFileType = wrapper.framework; includeInIndex = 0; path = Pods_RMLStarReceiptPrinter.framework; sourceTree = BUILT_PRODUCTS_DIR; };
		DFAFBE55DD5C139613F63744 /* Pods_RMLStarReceiptPrinterTests.framework */ = {isa = PBXFileReference; explicitFileType = wrapper.framework; includeInIndex = 0; path = Pods_RMLStarReceiptPrinterTests.framework; sourceTree = BUILT_PRODUCTS_DIR; };
/* End PBXFileReference section */

/* Begin PBXFrameworksBuildPhase section */
		390277CA1B8221A900CECB37 /* Frameworks */ = {
			isa = PBXFrameworksBuildPhase;
			buildActionMask = 2147483647;
			files = (
				7A3965DB3F6CE977DB33A8D3 /* Pods_RMLStarReceiptPrinter.framework in Frameworks */,
			);
			runOnlyForDeploymentPostprocessing = 0;
		};
		390277E31B8221A900CECB37 /* Frameworks */ = {
			isa = PBXFrameworksBuildPhase;
			buildActionMask = 2147483647;
			files = (
				77D26ADA78E5F71D58DBC312 /* Pods_RMLStarReceiptPrinterTests.framework in Frameworks */,
			);
			runOnlyForDeploymentPostprocessing = 0;
		};
/* End PBXFrameworksBuildPhase section */

/* Begin PBXGroup section */
		390277C41B8221A900CECB37 = {
			isa = PBXGroup;
			children = (
				390277CF1B8221A900CECB37 /* RMLStarReceiptPrinter */,
				390277E91B8221A900CECB37 /* RMLStarReceiptPrinterTests */,
				390277CE1B8221A900CECB37 /* Products */,
				FCD9BBF84E001AA566871A88 /* Pods */,
				40C05DB9D620366E53B41D94 /* Frameworks */,
			);
			sourceTree = "<group>";
		};
		390277CE1B8221A900CECB37 /* Products */ = {
			isa = PBXGroup;
			children = (
				390277CD1B8221A900CECB37 /* RMLStarReceiptPrinter.app */,
				390277E61B8221A900CECB37 /* RMLStarReceiptPrinterTests.xctest */,
			);
			name = Products;
			sourceTree = "<group>";
		};
		390277CF1B8221A900CECB37 /* RMLStarReceiptPrinter */ = {
			isa = PBXGroup;
			children = (
				390277D41B8221A900CECB37 /* AppDelegate.h */,
				390277D51B8221A900CECB37 /* AppDelegate.m */,
				390277F61B82231700CECB37 /* RMLPrinterListTableViewController.h */,
				390277F71B82231700CECB37 /* RMLPrinterListTableViewController.m */,
				390277DA1B8221A900CECB37 /* Main.storyboard */,
				390277DD1B8221A900CECB37 /* Images.xcassets */,
				390277DF1B8221A900CECB37 /* LaunchScreen.xib */,
				390277D01B8221A900CECB37 /* Supporting Files */,
			);
			path = RMLStarReceiptPrinter;
			sourceTree = "<group>";
		};
		390277D01B8221A900CECB37 /* Supporting Files */ = {
			isa = PBXGroup;
			children = (
				390277D11B8221A900CECB37 /* Info.plist */,
				390277D21B8221A900CECB37 /* main.m */,
			);
			name = "Supporting Files";
			sourceTree = "<group>";
		};
		390277E91B8221A900CECB37 /* RMLStarReceiptPrinterTests */ = {
			isa = PBXGroup;
			children = (
				390277EC1B8221A900CECB37 /* RMLStarReceiptPrinterTests.m */,
				390277EA1B8221A900CECB37 /* Supporting Files */,
			);
			path = RMLStarReceiptPrinterTests;
			sourceTree = "<group>";
		};
		390277EA1B8221A900CECB37 /* Supporting Files */ = {
			isa = PBXGroup;
			children = (
				390277EB1B8221A900CECB37 /* Info.plist */,
			);
			name = "Supporting Files";
			sourceTree = "<group>";
		};
		40C05DB9D620366E53B41D94 /* Frameworks */ = {
			isa = PBXGroup;
			children = (
				D5D283E3ECB59B2AD77A0490 /* Pods_RMLStarReceiptPrinter.framework */,
				DFAFBE55DD5C139613F63744 /* Pods_RMLStarReceiptPrinterTests.framework */,
			);
			name = Frameworks;
			sourceTree = "<group>";
		};
		FCD9BBF84E001AA566871A88 /* Pods */ = {
			isa = PBXGroup;
			children = (
				25148FC585E1163601AFAF19 /* Pods-RMLStarReceiptPrinter.debug.xcconfig */,
				6A313431ECA8CB350330CA50 /* Pods-RMLStarReceiptPrinter.release.xcconfig */,
				9558BEC2C4B9D56CEAC7B26F /* Pods-RMLStarReceiptPrinterTests.debug.xcconfig */,
				A63AE2F256EDFA0A0B2E4BEB /* Pods-RMLStarReceiptPrinterTests.release.xcconfig */,
			);
			name = Pods;
			sourceTree = "<group>";
		};
/* End PBXGroup section */

/* Begin PBXNativeTarget section */
		390277CC1B8221A900CECB37 /* RMLStarReceiptPrinter */ = {
			isa = PBXNativeTarget;
			buildConfigurationList = 390277F01B8221AA00CECB37 /* Build configuration list for PBXNativeTarget "RMLStarReceiptPrinter" */;
			buildPhases = (
				E14A586665DEB34E4401224A /* [CP] Check Pods Manifest.lock */,
				390277C91B8221A900CECB37 /* Sources */,
				390277CA1B8221A900CECB37 /* Frameworks */,
				390277CB1B8221A900CECB37 /* Resources */,
				3F1AE04E23DD5195B43A751F /* [CP] Embed Pods Frameworks */,
				53D9204E7F57F81FF54DEA7D /* [CP] Copy Pods Resources */,
			);
			buildRules = (
			);
			dependencies = (
			);
			name = RMLStarReceiptPrinter;
			productName = RMLStarReceiptPrinter;
			productReference = 390277CD1B8221A900CECB37 /* RMLStarReceiptPrinter.app */;
			productType = "com.apple.product-type.application";
		};
		390277E51B8221A900CECB37 /* RMLStarReceiptPrinterTests */ = {
			isa = PBXNativeTarget;
			buildConfigurationList = 390277F31B8221AA00CECB37 /* Build configuration list for PBXNativeTarget "RMLStarReceiptPrinterTests" */;
			buildPhases = (
				6D5F6BCA46EF72349FF49B5C /* [CP] Check Pods Manifest.lock */,
				390277E21B8221A900CECB37 /* Sources */,
				390277E31B8221A900CECB37 /* Frameworks */,
				390277E41B8221A900CECB37 /* Resources */,
				7FC2AAB05D3FBBAFEED4FB22 /* [CP] Embed Pods Frameworks */,
				2F754412C82CBADA486B07B6 /* [CP] Copy Pods Resources */,
			);
			buildRules = (
			);
			dependencies = (
				390277E81B8221A900CECB37 /* PBXTargetDependency */,
			);
			name = RMLStarReceiptPrinterTests;
			productName = RMLStarReceiptPrinterTests;
			productReference = 390277E61B8221A900CECB37 /* RMLStarReceiptPrinterTests.xctest */;
			productType = "com.apple.product-type.bundle.unit-test";
		};
/* End PBXNativeTarget section */

/* Begin PBXProject section */
		390277C51B8221A900CECB37 /* Project object */ = {
			isa = PBXProject;
			attributes = {
				CLASSPREFIX = RML;
				LastUpgradeCheck = 0900;
				ORGANIZATIONNAME = "Relish Media Ltd";
				TargetAttributes = {
					390277CC1B8221A900CECB37 = {
						CreatedOnToolsVersion = 6.4;
						DevelopmentTeam = 8D3PUE28S6;
					};
					390277E51B8221A900CECB37 = {
						CreatedOnToolsVersion = 6.4;
						TestTargetID = 390277CC1B8221A900CECB37;
					};
				};
			};
			buildConfigurationList = 390277C81B8221A900CECB37 /* Build configuration list for PBXProject "RMLStarReceiptPrinter" */;
			compatibilityVersion = "Xcode 3.2";
			developmentRegion = English;
			hasScannedForEncodings = 0;
			knownRegions = (
				en,
				Base,
			);
			mainGroup = 390277C41B8221A900CECB37;
			productRefGroup = 390277CE1B8221A900CECB37 /* Products */;
			projectDirPath = "";
			projectRoot = "";
			targets = (
				390277CC1B8221A900CECB37 /* RMLStarReceiptPrinter */,
				390277E51B8221A900CECB37 /* RMLStarReceiptPrinterTests */,
			);
		};
/* End PBXProject section */

/* Begin PBXResourcesBuildPhase section */
		390277CB1B8221A900CECB37 /* Resources */ = {
			isa = PBXResourcesBuildPhase;
			buildActionMask = 2147483647;
			files = (
				390277DC1B8221A900CECB37 /* Main.storyboard in Resources */,
				390277E11B8221A900CECB37 /* LaunchScreen.xib in Resources */,
				390277DE1B8221A900CECB37 /* Images.xcassets in Resources */,
			);
			runOnlyForDeploymentPostprocessing = 0;
		};
		390277E41B8221A900CECB37 /* Resources */ = {
			isa = PBXResourcesBuildPhase;
			buildActionMask = 2147483647;
			files = (
			);
			runOnlyForDeploymentPostprocessing = 0;
		};
/* End PBXResourcesBuildPhase section */

/* Begin PBXShellScriptBuildPhase section */
		2F754412C82CBADA486B07B6 /* [CP] Copy Pods Resources */ = {
			isa = PBXShellScriptBuildPhase;
			buildActionMask = 2147483647;
			files = (
			);
			inputPaths = (
			);
			name = "[CP] Copy Pods Resources";
			outputPaths = (
			);
			runOnlyForDeploymentPostprocessing = 0;
			shellPath = /bin/sh;
			shellScript = "\"${SRCROOT}/Pods/Target Support Files/Pods-RMLStarReceiptPrinterTests/Pods-RMLStarReceiptPrinterTests-resources.sh\"\n";
			showEnvVarsInLog = 0;
		};
		3F1AE04E23DD5195B43A751F /* [CP] Embed Pods Frameworks */ = {
			isa = PBXShellScriptBuildPhase;
			buildActionMask = 2147483647;
			files = (
			);
			inputPaths = (
				"${SRCROOT}/Pods/Target Support Files/Pods-RMLStarReceiptPrinter/Pods-RMLStarReceiptPrinter-frameworks.sh",
				"${BUILT_PRODUCTS_DIR}/RMLStarReceiptPrinter/RMLStarReceiptPrinter.framework",
			);
			name = "[CP] Embed Pods Frameworks";
			outputPaths = (
				"${TARGET_BUILD_DIR}/${FRAMEWORKS_FOLDER_PATH}/RMLStarReceiptPrinter.framework",
			);
			runOnlyForDeploymentPostprocessing = 0;
			shellPath = /bin/sh;
			shellScript = "\"${SRCROOT}/Pods/Target Support Files/Pods-RMLStarReceiptPrinter/Pods-RMLStarReceiptPrinter-frameworks.sh\"\n";
			showEnvVarsInLog = 0;
		};
		53D9204E7F57F81FF54DEA7D /* [CP] Copy Pods Resources */ = {
			isa = PBXShellScriptBuildPhase;
			buildActionMask = 2147483647;
			files = (
			);
			inputPaths = (
			);
			name = "[CP] Copy Pods Resources";
			outputPaths = (
			);
			runOnlyForDeploymentPostprocessing = 0;
			shellPath = /bin/sh;
			shellScript = "\"${SRCROOT}/Pods/Target Support Files/Pods-RMLStarReceiptPrinter/Pods-RMLStarReceiptPrinter-resources.sh\"\n";
			showEnvVarsInLog = 0;
		};
		6D5F6BCA46EF72349FF49B5C /* [CP] Check Pods Manifest.lock */ = {
			isa = PBXShellScriptBuildPhase;
			buildActionMask = 2147483647;
			files = (
			);
			inputPaths = (
				"${PODS_PODFILE_DIR_PATH}/Podfile.lock",
				"${PODS_ROOT}/Manifest.lock",
			);
			name = "[CP] Check Pods Manifest.lock";
			outputPaths = (
				"$(DERIVED_FILE_DIR)/Pods-RMLStarReceiptPrinterTests-checkManifestLockResult.txt",
			);
			runOnlyForDeploymentPostprocessing = 0;
			shellPath = /bin/sh;
			shellScript = "diff \"${PODS_PODFILE_DIR_PATH}/Podfile.lock\" \"${PODS_ROOT}/Manifest.lock\" > /dev/null\nif [ $? != 0 ] ; then\n    # print error to STDERR\n    echo \"error: The sandbox is not in sync with the Podfile.lock. Run 'pod install' or update your CocoaPods installation.\" >&2\n    exit 1\nfi\n# This output is used by Xcode 'outputs' to avoid re-running this script phase.\necho \"SUCCESS\" > \"${SCRIPT_OUTPUT_FILE_0}\"\n";
			showEnvVarsInLog = 0;
		};
		7FC2AAB05D3FBBAFEED4FB22 /* [CP] Embed Pods Frameworks */ = {
			isa = PBXShellScriptBuildPhase;
			buildActionMask = 2147483647;
			files = (
			);
			inputPaths = (
				"${SRCROOT}/Pods/Target Support Files/Pods-RMLStarReceiptPrinterTests/Pods-RMLStarReceiptPrinterTests-frameworks.sh",
				"${BUILT_PRODUCTS_DIR}/RMLStarReceiptPrinter/RMLStarReceiptPrinter.framework",
			);
			name = "[CP] Embed Pods Frameworks";
			outputPaths = (
				"${TARGET_BUILD_DIR}/${FRAMEWORKS_FOLDER_PATH}/RMLStarReceiptPrinter.framework",
			);
			runOnlyForDeploymentPostprocessing = 0;
			shellPath = /bin/sh;
			shellScript = "\"${SRCROOT}/Pods/Target Support Files/Pods-RMLStarReceiptPrinterTests/Pods-RMLStarReceiptPrinterTests-frameworks.sh\"\n";
			showEnvVarsInLog = 0;
		};
		E14A586665DEB34E4401224A /* [CP] Check Pods Manifest.lock */ = {
			isa = PBXShellScriptBuildPhase;
			buildActionMask = 2147483647;
			files = (
			);
			inputPaths = (
				"${PODS_PODFILE_DIR_PATH}/Podfile.lock",
				"${PODS_ROOT}/Manifest.lock",
			);
			name = "[CP] Check Pods Manifest.lock";
			outputPaths = (
				"$(DERIVED_FILE_DIR)/Pods-RMLStarReceiptPrinter-checkManifestLockResult.txt",
			);
			runOnlyForDeploymentPostprocessing = 0;
			shellPath = /bin/sh;
			shellScript = "diff \"${PODS_PODFILE_DIR_PATH}/Podfile.lock\" \"${PODS_ROOT}/Manifest.lock\" > /dev/null\nif [ $? != 0 ] ; then\n    # print error to STDERR\n    echo \"error: The sandbox is not in sync with the Podfile.lock. Run 'pod install' or update your CocoaPods installation.\" >&2\n    exit 1\nfi\n# This output is used by Xcode 'outputs' to avoid re-running this script phase.\necho \"SUCCESS\" > \"${SCRIPT_OUTPUT_FILE_0}\"\n";
			showEnvVarsInLog = 0;
		};
/* End PBXShellScriptBuildPhase section */

/* Begin PBXSourcesBuildPhase section */
		390277C91B8221A900CECB37 /* Sources */ = {
			isa = PBXSourcesBuildPhase;
			buildActionMask = 2147483647;
			files = (
				390277D61B8221A900CECB37 /* AppDelegate.m in Sources */,
				390277D31B8221A900CECB37 /* main.m in Sources */,
				390277F81B82231700CECB37 /* RMLPrinterListTableViewController.m in Sources */,
			);
			runOnlyForDeploymentPostprocessing = 0;
		};
		390277E21B8221A900CECB37 /* Sources */ = {
			isa = PBXSourcesBuildPhase;
			buildActionMask = 2147483647;
			files = (
				390277ED1B8221AA00CECB37 /* RMLStarReceiptPrinterTests.m in Sources */,
			);
			runOnlyForDeploymentPostprocessing = 0;
		};
/* End PBXSourcesBuildPhase section */

/* Begin PBXTargetDependency section */
		390277E81B8221A900CECB37 /* PBXTargetDependency */ = {
			isa = PBXTargetDependency;
			target = 390277CC1B8221A900CECB37 /* RMLStarReceiptPrinter */;
			targetProxy = 390277E71B8221A900CECB37 /* PBXContainerItemProxy */;
		};
/* End PBXTargetDependency section */

/* Begin PBXVariantGroup section */
		390277DA1B8221A900CECB37 /* Main.storyboard */ = {
			isa = PBXVariantGroup;
			children = (
				390277DB1B8221A900CECB37 /* Base */,
			);
			name = Main.storyboard;
			sourceTree = "<group>";
		};
		390277DF1B8221A900CECB37 /* LaunchScreen.xib */ = {
			isa = PBXVariantGroup;
			children = (
				390277E01B8221A900CECB37 /* Base */,
			);
			name = LaunchScreen.xib;
			sourceTree = "<group>";
		};
/* End PBXVariantGroup section */

/* Begin XCBuildConfiguration section */
		390277EE1B8221AA00CECB37 /* Debug */ = {
			isa = XCBuildConfiguration;
			buildSettings = {
				ALWAYS_SEARCH_USER_PATHS = NO;
				CLANG_CXX_LANGUAGE_STANDARD = "gnu++0x";
				CLANG_CXX_LIBRARY = "libc++";
				CLANG_ENABLE_MODULES = YES;
				CLANG_ENABLE_OBJC_ARC = YES;
				CLANG_WARN_BLOCK_CAPTURE_AUTORELEASING = YES;
				CLANG_WARN_BOOL_CONVERSION = YES;
				CLANG_WARN_COMMA = YES;
				CLANG_WARN_CONSTANT_CONVERSION = YES;
				CLANG_WARN_DIRECT_OBJC_ISA_USAGE = YES_ERROR;
				CLANG_WARN_EMPTY_BODY = YES;
				CLANG_WARN_ENUM_CONVERSION = YES;
				CLANG_WARN_INFINITE_RECURSION = YES;
				CLANG_WARN_INT_CONVERSION = YES;
				CLANG_WARN_NON_LITERAL_NULL_CONVERSION = YES;
				CLANG_WARN_OBJC_LITERAL_CONVERSION = YES;
				CLANG_WARN_OBJC_ROOT_CLASS = YES_ERROR;
				CLANG_WARN_RANGE_LOOP_ANALYSIS = YES;
				CLANG_WARN_STRICT_PROTOTYPES = YES;
				CLANG_WARN_SUSPICIOUS_MOVE = YES;
				CLANG_WARN_UNREACHABLE_CODE = YES;
				CLANG_WARN__DUPLICATE_METHOD_MATCH = YES;
				"CODE_SIGN_IDENTITY[sdk=iphoneos*]" = "iPhone Developer";
				COPY_PHASE_STRIP = NO;
				DEBUG_INFORMATION_FORMAT = "dwarf-with-dsym";
				ENABLE_STRICT_OBJC_MSGSEND = YES;
				ENABLE_TESTABILITY = YES;
				GCC_C_LANGUAGE_STANDARD = gnu99;
				GCC_DYNAMIC_NO_PIC = NO;
				GCC_NO_COMMON_BLOCKS = YES;
				GCC_OPTIMIZATION_LEVEL = 0;
				GCC_PREPROCESSOR_DEFINITIONS = (
					"DEBUG=1",
					"$(inherited)",
				);
				GCC_SYMBOLS_PRIVATE_EXTERN = NO;
				GCC_WARN_64_TO_32_BIT_CONVERSION = YES;
				GCC_WARN_ABOUT_RETURN_TYPE = YES_ERROR;
				GCC_WARN_UNDECLARED_SELECTOR = YES;
				GCC_WARN_UNINITIALIZED_AUTOS = YES_AGGRESSIVE;
				GCC_WARN_UNUSED_FUNCTION = YES;
				GCC_WARN_UNUSED_VARIABLE = YES;
				IPHONEOS_DEPLOYMENT_TARGET = 8.4;
				MTL_ENABLE_DEBUG_INFO = YES;
				ONLY_ACTIVE_ARCH = YES;
				SDKROOT = iphoneos;
				TARGETED_DEVICE_FAMILY = "1,2";
			};
			name = Debug;
		};
		390277EF1B8221AA00CECB37 /* Release */ = {
			isa = XCBuildConfiguration;
			buildSettings = {
				ALWAYS_SEARCH_USER_PATHS = NO;
				CLANG_CXX_LANGUAGE_STANDARD = "gnu++0x";
				CLANG_CXX_LIBRARY = "libc++";
				CLANG_ENABLE_MODULES = YES;
				CLANG_ENABLE_OBJC_ARC = YES;
				CLANG_WARN_BLOCK_CAPTURE_AUTORELEASING = YES;
				CLANG_WARN_BOOL_CONVERSION = YES;
				CLANG_WARN_COMMA = YES;
				CLANG_WARN_CONSTANT_CONVERSION = YES;
				CLANG_WARN_DIRECT_OBJC_ISA_USAGE = YES_ERROR;
				CLANG_WARN_EMPTY_BODY = YES;
				CLANG_WARN_ENUM_CONVERSION = YES;
				CLANG_WARN_INFINITE_RECURSION = YES;
				CLANG_WARN_INT_CONVERSION = YES;
				CLANG_WARN_NON_LITERAL_NULL_CONVERSION = YES;
				CLANG_WARN_OBJC_LITERAL_CONVERSION = YES;
				CLANG_WARN_OBJC_ROOT_CLASS = YES_ERROR;
				CLANG_WARN_RANGE_LOOP_ANALYSIS = YES;
				CLANG_WARN_STRICT_PROTOTYPES = YES;
				CLANG_WARN_SUSPICIOUS_MOVE = YES;
				CLANG_WARN_UNREACHABLE_CODE = YES;
				CLANG_WARN__DUPLICATE_METHOD_MATCH = YES;
				"CODE_SIGN_IDENTITY[sdk=iphoneos*]" = "iPhone Developer";
				COPY_PHASE_STRIP = NO;
				DEBUG_INFORMATION_FORMAT = "dwarf-with-dsym";
				ENABLE_NS_ASSERTIONS = NO;
				ENABLE_STRICT_OBJC_MSGSEND = YES;
				GCC_C_LANGUAGE_STANDARD = gnu99;
				GCC_NO_COMMON_BLOCKS = YES;
				GCC_WARN_64_TO_32_BIT_CONVERSION = YES;
				GCC_WARN_ABOUT_RETURN_TYPE = YES_ERROR;
				GCC_WARN_UNDECLARED_SELECTOR = YES;
				GCC_WARN_UNINITIALIZED_AUTOS = YES_AGGRESSIVE;
				GCC_WARN_UNUSED_FUNCTION = YES;
				GCC_WARN_UNUSED_VARIABLE = YES;
				IPHONEOS_DEPLOYMENT_TARGET = 8.4;
				MTL_ENABLE_DEBUG_INFO = NO;
				SDKROOT = iphoneos;
				TARGETED_DEVICE_FAMILY = "1,2";
				VALIDATE_PRODUCT = YES;
			};
			name = Release;
		};
		390277F11B8221AA00CECB37 /* Debug */ = {
			isa = XCBuildConfiguration;
			baseConfigurationReference = 25148FC585E1163601AFAF19 /* Pods-RMLStarReceiptPrinter.debug.xcconfig */;
			buildSettings = {
				ASSETCATALOG_COMPILER_APPICON_NAME = AppIcon;
				CODE_SIGN_IDENTITY = "iPhone Developer";
				INFOPLIST_FILE = RMLStarReceiptPrinter/Info.plist;
				LD_RUNPATH_SEARCH_PATHS = "$(inherited) @executable_path/Frameworks";
				PRODUCT_BUNDLE_IDENTIFIER = "com.relish.$(PRODUCT_NAME:rfc1034identifier)";
				PRODUCT_NAME = "$(TARGET_NAME)";
			};
			name = Debug;
		};
		390277F21B8221AA00CECB37 /* Release */ = {
			isa = XCBuildConfiguration;
			baseConfigurationReference = 6A313431ECA8CB350330CA50 /* Pods-RMLStarReceiptPrinter.release.xcconfig */;
			buildSettings = {
				ASSETCATALOG_COMPILER_APPICON_NAME = AppIcon;
				CODE_SIGN_IDENTITY = "iPhone Developer";
				INFOPLIST_FILE = RMLStarReceiptPrinter/Info.plist;
				LD_RUNPATH_SEARCH_PATHS = "$(inherited) @executable_path/Frameworks";
				PRODUCT_BUNDLE_IDENTIFIER = "com.relish.$(PRODUCT_NAME:rfc1034identifier)";
				PRODUCT_NAME = "$(TARGET_NAME)";
			};
			name = Release;
		};
		390277F41B8221AA00CECB37 /* Debug */ = {
			isa = XCBuildConfiguration;
			baseConfigurationReference = 9558BEC2C4B9D56CEAC7B26F /* Pods-RMLStarReceiptPrinterTests.debug.xcconfig */;
			buildSettings = {
				BUNDLE_LOADER = "$(TEST_HOST)";
				FRAMEWORK_SEARCH_PATHS = (
					"$(SDKROOT)/Developer/Library/Frameworks",
					"$(inherited)",
				);
				GCC_PREPROCESSOR_DEFINITIONS = (
					"DEBUG=1",
					"$(inherited)",
				);
				INFOPLIST_FILE = RMLStarReceiptPrinterTests/Info.plist;
				LD_RUNPATH_SEARCH_PATHS = "$(inherited) @executable_path/Frameworks @loader_path/Frameworks";
				PRODUCT_BUNDLE_IDENTIFIER = "com.dansinclair.$(PRODUCT_NAME:rfc1034identifier)";
				PRODUCT_NAME = "$(TARGET_NAME)";
				TEST_HOST = "$(BUILT_PRODUCTS_DIR)/RMLStarReceiptPrinter.app/RMLStarReceiptPrinter";
			};
			name = Debug;
		};
		390277F51B8221AA00CECB37 /* Release */ = {
			isa = XCBuildConfiguration;
			baseConfigurationReference = A63AE2F256EDFA0A0B2E4BEB /* Pods-RMLStarReceiptPrinterTests.release.xcconfig */;
			buildSettings = {
				BUNDLE_LOADER = "$(TEST_HOST)";
				FRAMEWORK_SEARCH_PATHS = (
					"$(SDKROOT)/Developer/Library/Frameworks",
					"$(inherited)",
				);
				INFOPLIST_FILE = RMLStarReceiptPrinterTests/Info.plist;
				LD_RUNPATH_SEARCH_PATHS = "$(inherited) @executable_path/Frameworks @loader_path/Frameworks";
				PRODUCT_BUNDLE_IDENTIFIER = "com.dansinclair.$(PRODUCT_NAME:rfc1034identifier)";
				PRODUCT_NAME = "$(TARGET_NAME)";
				TEST_HOST = "$(BUILT_PRODUCTS_DIR)/RMLStarReceiptPrinter.app/RMLStarReceiptPrinter";
			};
			name = Release;
		};
/* End XCBuildConfiguration section */

/* Begin XCConfigurationList section */
		390277C81B8221A900CECB37 /* Build configuration list for PBXProject "RMLStarReceiptPrinter" */ = {
			isa = XCConfigurationList;
			buildConfigurations = (
				390277EE1B8221AA00CECB37 /* Debug */,
				390277EF1B8221AA00CECB37 /* Release */,
			);
			defaultConfigurationIsVisible = 0;
			defaultConfigurationName = Release;
		};
		390277F01B8221AA00CECB37 /* Build configuration list for PBXNativeTarget "RMLStarReceiptPrinter" */ = {
			isa = XCConfigurationList;
			buildConfigurations = (
				390277F11B8221AA00CECB37 /* Debug */,
				390277F21B8221AA00CECB37 /* Release */,
			);
			defaultConfigurationIsVisible = 0;
			defaultConfigurationName = Release;
		};
		390277F31B8221AA00CECB37 /* Build configuration list for PBXNativeTarget "RMLStarReceiptPrinterTests" */ = {
			isa = XCConfigurationList;
			buildConfigurations = (
				390277F41B8221AA00CECB37 /* Debug */,
				390277F51B8221AA00CECB37 /* Release */,
			);
			defaultConfigurationIsVisible = 0;
			defaultConfigurationName = Release;
		};
/* End XCConfigurationList section */
	};
	rootObject = 390277C51B8221A900CECB37 /* Project object */;
}
