PODS:
  - RMLStarReceiptPrinter (1.1.0)

DEPENDENCIES:
  - RMLStarReceiptPrinter (from `../`)

EXTERNAL SOURCES:
  RMLStarReceiptPrinter:
    :path: "../"

SPEC CHECKSUMS:
  RMLStarReceiptPrinter: ecbb23af113246b6a2fc1f5260248c5511919154

PODFILE CHECKSUM: 4adf3e02afa07fa319b3150dfe0ad17441ca5eb5

COCOAPODS: 1.2.1
