PODS:
  - RMLStarReceiptPrinter (1.2)

DEPENDENCIES:
  - RMLStarReceiptPrinter (from `../`)

EXTERNAL SOURCES:
  RMLStarReceiptPrinter:
    :path: ../

SPEC CHECKSUMS:
  RMLStarReceiptPrinter: 211a8b74a80b4055faeaca119d82f3343e70c244

PODFILE CHECKSUM: 983433a638dd15d0f9558892b89c12dc2c138b3b

COCOAPODS: 1.4.0
