PODS:
  - RMLStarReceiptPrinter (1.1.3)

DEPENDENCIES:
  - RMLStarReceiptPrinter (from `../`)

EXTERNAL SOURCES:
  RMLStarReceiptPrinter:
    :path: ../

SPEC CHECKSUMS:
  RMLStarReceiptPrinter: a937acc1556efa12e20514ba1079827776df27b5

PODFILE CHECKSUM: 7fae757373fb9eb76509d9b2d242af4b0b386ffe

COCOAPODS: 1.3.1
